
Microsoft Visual Studio Solution File, Format Version 12.00
# Visual Studio Version 16
VisualStudioVersion = 16.0.31229.75
MinimumVisualStudioVersion = 10.0.40219.1
Project("{FAE04EC0-301F-11D3-BF4B-00C04F79EFBC}") = "Graficas", "Graficas.csproj", "{510C8F65-D61D-47BD-A668-9E1830811160}"
EndProject
Global
	GlobalSection(SolutionConfigurationPlatforms) = preSolution
		Debug|Any CPU = Debug|Any CPU
		Release|Any CPU = Release|Any CPU
	EndGlobalSection
	GlobalSection(ProjectConfigurationPlatforms) = postSolution
		{510C8F65-D61D-47BD-A668-9E1830811160}.Debug|Any CPU.ActiveCfg = Debug|Any CPU
		{510C8F65-D61D-47BD-A668-9E1830811160}.Debug|Any CPU.Build.0 = Debug|Any CPU
		{510C8F65-D61D-47BD-A668-9E1830811160}.Release|Any CPU.ActiveCfg = Release|Any CPU
		{510C8F65-D61D-47BD-A668-9E1830811160}.Release|Any CPU.Build.0 = Release|Any CPU
	EndGlobalSection
	GlobalSection(SolutionProperties) = preSolution
		HideSolutionNode = FALSE
	EndGlobalSection
	GlobalSection(ExtensibilityGlobals) = postSolution
		SolutionGuid = {8CC87B5E-CAA2-4BDA-AC1E-9BDDA44FE6D5}
	EndGlobalSection
EndGlobal
